<Solution>
  <Project Path="Assembly-CSharp.csproj" />
  <Project Path="BlockadeLabsSDK.Editor.csproj" />
  <Project Path="Boxophobic.Utils.Scripts.csproj" />
  <Project Path="Boxophobic.Utils.Editor.csproj" />
  <Project Path="BlockadeLabsSDK.Runtime.csproj" />
  <Project Path="Assembly-CSharp-Editor.csproj" />
  <Project Path="BigRookGames.csproj" />
  <Project Path="Boxophobic.SkyboxCubemapExtended.Editor.csproj" />
</Solution>
